// !$*UTF8*$!
{
	archiveVersion = 1;
	classes = {
	};
	objectVersion = 55;
	objects = {

/* Begin PBXBuildFile section */
		B570E2ADA3BDF95BF87A1F23 /* Pods_AppStoreJSONApis.framework in Frameworks */ = {isa = PBXBuildFile; fileRef = 1AE802C7AA0E699C85548F94 /* Pods_AppStoreJSONApis.framework */; };
		CE7AF35B29B21400002107FE /* AppDelegate.swift in Sources */ = {isa = PBXBuildFile; fileRef = CE7AF35A29B21400002107FE /* AppDelegate.swift */; };
		CE7AF35D29B21400002107FE /* SceneDelegate.swift in Sources */ = {isa = PBXBuildFile; fileRef = CE7AF35C29B21400002107FE /* SceneDelegate.swift */; };
		CE7AF35F29B21400002107FE /* ViewController.swift in Sources */ = {isa = PBXBuildFile; fileRef = CE7AF35E29B21400002107FE /* ViewController.swift */; };
		CE7AF36229B21400002107FE /* Main.storyboard in Resources */ = {isa = PBXBuildFile; fileRef = CE7AF36029B21400002107FE /* Main.storyboard */; };
		CE7AF36429B21408002107FE /* Assets.xcassets in Resources */ = {isa = PBXBuildFile; fileRef = CE7AF36329B21408002107FE /* Assets.xcassets */; };
		CE7AF36729B21408002107FE /* LaunchScreen.storyboard in Resources */ = {isa = PBXBuildFile; fileRef = CE7AF36529B21408002107FE /* LaunchScreen.storyboard */; };
		CE7AF36F29B21465002107FE /* .gitignore in Resources */ = {isa = PBXBuildFile; fileRef = CE7AF36E29B21465002107FE /* .gitignore */; };
		CE7AF37129B21A56002107FE /* MainTabBarController.swift in Sources */ = {isa = PBXBuildFile; fileRef = CE7AF37029B21A56002107FE /* MainTabBarController.swift */; };
		CE7AF37329B2440B002107FE /* Icons.swift in Sources */ = {isa = PBXBuildFile; fileRef = CE7AF37229B2440B002107FE /* Icons.swift */; };
		CE7AF37529B24D03002107FE /* AppSearchController.swift in Sources */ = {isa = PBXBuildFile; fileRef = CE7AF37429B24D03002107FE /* AppSearchController.swift */; };
		CE7AF37829B2634D002107FE /* SearchResultCell.swift in Sources */ = {isa = PBXBuildFile; fileRef = CE7AF37729B2634D002107FE /* SearchResultCell.swift */; };
		CE7AF37B29B38298002107FE /* UIView+Layout.swift in Sources */ = {isa = PBXBuildFile; fileRef = CE7AF37A29B38298002107FE /* UIView+Layout.swift */; };
		CE7AF37D29B38C40002107FE /* VerticalStackView.swift in Sources */ = {isa = PBXBuildFile; fileRef = CE7AF37C29B38C40002107FE /* VerticalStackView.swift */; };
		CE7AF38029B6362C002107FE /* SearchResult.swift in Sources */ = {isa = PBXBuildFile; fileRef = CE7AF37F29B6362C002107FE /* SearchResult.swift */; };
		CE7AF38329B64044002107FE /* ServiceAPI.swift in Sources */ = {isa = PBXBuildFile; fileRef = CE7AF38229B64044002107FE /* ServiceAPI.swift */; };
/* End PBXBuildFile section */

/* Begin PBXFileReference section */
		1AE802C7AA0E699C85548F94 /* Pods_AppStoreJSONApis.framework */ = {isa = PBXFileReference; explicitFileType = wrapper.framework; includeInIndex = 0; path = Pods_AppStoreJSONApis.framework; sourceTree = BUILT_PRODUCTS_DIR; };
		A70FBCB3E5EF4FA3A73F6884 /* Pods-AppStoreJSONApis.debug.xcconfig */ = {isa = PBXFileReference; includeInIndex = 1; lastKnownFileType = text.xcconfig; name = "Pods-AppStoreJSONApis.debug.xcconfig"; path = "Target Support Files/Pods-AppStoreJSONApis/Pods-AppStoreJSONApis.debug.xcconfig"; sourceTree = "<group>"; };
		CE7AF35729B21400002107FE /* AppStoreJSONApis.app */ = {isa = PBXFileReference; explicitFileType = wrapper.application; includeInIndex = 0; path = AppStoreJSONApis.app; sourceTree = BUILT_PRODUCTS_DIR; };
		CE7AF35A29B21400002107FE /* AppDelegate.swift */ = {isa = PBXFileReference; lastKnownFileType = sourcecode.swift; path = AppDelegate.swift; sourceTree = "<group>"; };
		CE7AF35C29B21400002107FE /* SceneDelegate.swift */ = {isa = PBXFileReference; lastKnownFileType = sourcecode.swift; path = SceneDelegate.swift; sourceTree = "<group>"; };
		CE7AF35E29B21400002107FE /* ViewController.swift */ = {isa = PBXFileReference; lastKnownFileType = sourcecode.swift; path = ViewController.swift; sourceTree = "<group>"; };
		CE7AF36129B21400002107FE /* Base */ = {isa = PBXFileReference; lastKnownFileType = file.storyboard; name = Base; path = Base.lproj/Main.storyboard; sourceTree = "<group>"; };
		CE7AF36329B21408002107FE /* Assets.xcassets */ = {isa = PBXFileReference; lastKnownFileType = folder.assetcatalog; path = Assets.xcassets; sourceTree = "<group>"; };
		CE7AF36629B21408002107FE /* Base */ = {isa = PBXFileReference; lastKnownFileType = file.storyboard; name = Base; path = Base.lproj/LaunchScreen.storyboard; sourceTree = "<group>"; };
		CE7AF36829B21408002107FE /* Info.plist */ = {isa = PBXFileReference; lastKnownFileType = text.plist.xml; path = Info.plist; sourceTree = "<group>"; };
		CE7AF36E29B21465002107FE /* .gitignore */ = {isa = PBXFileReference; lastKnownFileType = text; path = .gitignore; sourceTree = "<group>"; };
		CE7AF37029B21A56002107FE /* MainTabBarController.swift */ = {isa = PBXFileReference; lastKnownFileType = sourcecode.swift; path = MainTabBarController.swift; sourceTree = "<group>"; };
		CE7AF37229B2440B002107FE /* Icons.swift */ = {isa = PBXFileReference; lastKnownFileType = sourcecode.swift; path = Icons.swift; sourceTree = "<group>"; };
		CE7AF37429B24D03002107FE /* AppSearchController.swift */ = {isa = PBXFileReference; lastKnownFileType = sourcecode.swift; path = AppSearchController.swift; sourceTree = "<group>"; };
		CE7AF37729B2634D002107FE /* SearchResultCell.swift */ = {isa = PBXFileReference; lastKnownFileType = sourcecode.swift; path = SearchResultCell.swift; sourceTree = "<group>"; };
		CE7AF37A29B38298002107FE /* UIView+Layout.swift */ = {isa = PBXFileReference; fileEncoding = 4; lastKnownFileType = sourcecode.swift; path = "UIView+Layout.swift"; sourceTree = "<group>"; };
		CE7AF37C29B38C40002107FE /* VerticalStackView.swift */ = {isa = PBXFileReference; lastKnownFileType = sourcecode.swift; path = VerticalStackView.swift; sourceTree = "<group>"; };
		CE7AF37F29B6362C002107FE /* SearchResult.swift */ = {isa = PBXFileReference; lastKnownFileType = sourcecode.swift; path = SearchResult.swift; sourceTree = "<group>"; };
		CE7AF38229B64044002107FE /* ServiceAPI.swift */ = {isa = PBXFileReference; lastKnownFileType = sourcecode.swift; path = ServiceAPI.swift; sourceTree = "<group>"; };
		F6FC875F0757232EDC75D54B /* Pods-AppStoreJSONApis.release.xcconfig */ = {isa = PBXFileReference; includeInIndex = 1; lastKnownFileType = text.xcconfig; name = "Pods-AppStoreJSONApis.release.xcconfig"; path = "Target Support Files/Pods-AppStoreJSONApis/Pods-AppStoreJSONApis.release.xcconfig"; sourceTree = "<group>"; };
/* End PBXFileReference section */

/* Begin PBXFrameworksBuildPhase section */
		CE7AF35429B21400002107FE /* Frameworks */ = {
			isa = PBXFrameworksBuildPhase;
			buildActionMask = 2147483647;
			files = (
				B570E2ADA3BDF95BF87A1F23 /* Pods_AppStoreJSONApis.framework in Frameworks */,
			);
			runOnlyForDeploymentPostprocessing = 0;
		};
/* End PBXFrameworksBuildPhase section */

/* Begin PBXGroup section */
		48D50E7D37552049433CAFFC /* Pods */ = {
			isa = PBXGroup;
			children = (
				A70FBCB3E5EF4FA3A73F6884 /* Pods-AppStoreJSONApis.debug.xcconfig */,
				F6FC875F0757232EDC75D54B /* Pods-AppStoreJSONApis.release.xcconfig */,
			);
			name = Pods;
			path = Pods;
			sourceTree = "<group>";
		};
		CB56731EA849995BA07B5D9F /* Frameworks */ = {
			isa = PBXGroup;
			children = (
				1AE802C7AA0E699C85548F94 /* Pods_AppStoreJSONApis.framework */,
			);
			name = Frameworks;
			sourceTree = "<group>";
		};
		CE7AF34E29B21400002107FE = {
			isa = PBXGroup;
			children = (
				CE7AF36E29B21465002107FE /* .gitignore */,
				CE7AF35929B21400002107FE /* AppStoreJSONApis */,
				CE7AF35829B21400002107FE /* Products */,
				48D50E7D37552049433CAFFC /* Pods */,
				CB56731EA849995BA07B5D9F /* Frameworks */,
			);
			sourceTree = "<group>";
		};
		CE7AF35829B21400002107FE /* Products */ = {
			isa = PBXGroup;
			children = (
				CE7AF35729B21400002107FE /* AppStoreJSONApis.app */,
			);
			name = Products;
			sourceTree = "<group>";
		};
		CE7AF35929B21400002107FE /* AppStoreJSONApis */ = {
			isa = PBXGroup;
			children = (
				CE7AF38129B64027002107FE /* Service */,
				CE7AF37E29B63602002107FE /* Model */,
				CE7AF37929B38252002107FE /* Helpers */,
				CE7AF35A29B21400002107FE /* AppDelegate.swift */,
				CE7AF35C29B21400002107FE /* SceneDelegate.swift */,
				CE7AF37629B24D0F002107FE /* Controller */,
				CE7AF37229B2440B002107FE /* Icons.swift */,
				CE7AF37729B2634D002107FE /* SearchResultCell.swift */,
				CE7AF35E29B21400002107FE /* ViewController.swift */,
				CE7AF36029B21400002107FE /* Main.storyboard */,
				CE7AF36329B21408002107FE /* Assets.xcassets */,
				CE7AF36529B21408002107FE /* LaunchScreen.storyboard */,
				CE7AF36829B21408002107FE /* Info.plist */,
			);
			path = AppStoreJSONApis;
			sourceTree = "<group>";
		};
		CE7AF37629B24D0F002107FE /* Controller */ = {
			isa = PBXGroup;
			children = (
				CE7AF37029B21A56002107FE /* MainTabBarController.swift */,
				CE7AF37429B24D03002107FE /* AppSearchController.swift */,
			);
			path = Controller;
			sourceTree = "<group>";
		};
		CE7AF37929B38252002107FE /* Helpers */ = {
			isa = PBXGroup;
			children = (
				CE7AF37A29B38298002107FE /* UIView+Layout.swift */,
				CE7AF37C29B38C40002107FE /* VerticalStackView.swift */,
			);
			path = Helpers;
			sourceTree = "<group>";
		};
		CE7AF37E29B63602002107FE /* Model */ = {
			isa = PBXGroup;
			children = (
				CE7AF37F29B6362C002107FE /* SearchResult.swift */,
			);
			path = Model;
			sourceTree = "<group>";
		};
		CE7AF38129B64027002107FE /* Service */ = {
			isa = PBXGroup;
			children = (
				CE7AF38229B64044002107FE /* ServiceAPI.swift */,
			);
			path = Service;
			sourceTree = "<group>";
		};
/* End PBXGroup section */

/* Begin PBXNativeTarget section */
		CE7AF35629B21400002107FE /* AppStoreJSONApis */ = {
			isa = PBXNativeTarget;
			buildConfigurationList = CE7AF36B29B21408002107FE /* Build configuration list for PBXNativeTarget "AppStoreJSONApis" */;
			buildPhases = (
				73D0DF739BF15574A1E5FA21 /* [CP] Check Pods Manifest.lock */,
				CE7AF35329B21400002107FE /* Sources */,
				CE7AF35429B21400002107FE /* Frameworks */,
				CE7AF35529B21400002107FE /* Resources */,
				3443D205312BA62E7CB639B7 /* [CP] Embed Pods Frameworks */,
			);
			buildRules = (
			);
			dependencies = (
			);
			name = AppStoreJSONApis;
			productName = AppStoreJSONApis;
			productReference = CE7AF35729B21400002107FE /* AppStoreJSONApis.app */;
			productType = "com.apple.product-type.application";
		};
/* End PBXNativeTarget section */

/* Begin PBXProject section */
		CE7AF34F29B21400002107FE /* Project object */ = {
			isa = PBXProject;
			attributes = {
				BuildIndependentTargetsInParallel = 1;
				LastSwiftUpdateCheck = 1420;
				LastUpgradeCheck = 1420;
				TargetAttributes = {
					CE7AF35629B21400002107FE = {
						CreatedOnToolsVersion = 14.2;
					};
				};
			};
			buildConfigurationList = CE7AF35229B21400002107FE /* Build configuration list for PBXProject "AppStoreJSONApis" */;
			compatibilityVersion = "Xcode 13.0";
			developmentRegion = en;
			hasScannedForEncodings = 0;
			knownRegions = (
				en,
				Base,
			);
			mainGroup = CE7AF34E29B21400002107FE;
			productRefGroup = CE7AF35829B21400002107FE /* Products */;
			projectDirPath = "";
			projectRoot = "";
			targets = (
				CE7AF35629B21400002107FE /* AppStoreJSONApis */,
			);
		};
/* End PBXProject section */

/* Begin PBXResourcesBuildPhase section */
		CE7AF35529B21400002107FE /* Resources */ = {
			isa = PBXResourcesBuildPhase;
			buildActionMask = 2147483647;
			files = (
				CE7AF36F29B21465002107FE /* .gitignore in Resources */,
				CE7AF36729B21408002107FE /* LaunchScreen.storyboard in Resources */,
				CE7AF36429B21408002107FE /* Assets.xcassets in Resources */,
				CE7AF36229B21400002107FE /* Main.storyboard in Resources */,
			);
			runOnlyForDeploymentPostprocessing = 0;
		};
/* End PBXResourcesBuildPhase section */

/* Begin PBXShellScriptBuildPhase section */
		3443D205312BA62E7CB639B7 /* [CP] Embed Pods Frameworks */ = {
			isa = PBXShellScriptBuildPhase;
			buildActionMask = 2147483647;
			files = (
			);
			inputFileListPaths = (
				"${PODS_ROOT}/Target Support Files/Pods-AppStoreJSONApis/Pods-AppStoreJSONApis-frameworks-${CONFIGURATION}-input-files.xcfilelist",
			);
			name = "[CP] Embed Pods Frameworks";
			outputFileListPaths = (
				"${PODS_ROOT}/Target Support Files/Pods-AppStoreJSONApis/Pods-AppStoreJSONApis-frameworks-${CONFIGURATION}-output-files.xcfilelist",
			);
			runOnlyForDeploymentPostprocessing = 0;
			shellPath = /bin/sh;
			shellScript = "\"${PODS_ROOT}/Target Support Files/Pods-AppStoreJSONApis/Pods-AppStoreJSONApis-frameworks.sh\"\n";
			showEnvVarsInLog = 0;
		};
		73D0DF739BF15574A1E5FA21 /* [CP] Check Pods Manifest.lock */ = {
			isa = PBXShellScriptBuildPhase;
			buildActionMask = 2147483647;
			files = (
			);
			inputFileListPaths = (
			);
			inputPaths = (
				"${PODS_PODFILE_DIR_PATH}/Podfile.lock",
				"${PODS_ROOT}/Manifest.lock",
			);
			name = "[CP] Check Pods Manifest.lock";
			outputFileListPaths = (
			);
			outputPaths = (
				"$(DERIVED_FILE_DIR)/Pods-AppStoreJSONApis-checkManifestLockResult.txt",
			);
			runOnlyForDeploymentPostprocessing = 0;
			shellPath = /bin/sh;
			shellScript = "diff \"${PODS_PODFILE_DIR_PATH}/Podfile.lock\" \"${PODS_ROOT}/Manifest.lock\" > /dev/null\nif [ $? != 0 ] ; then\n    # print error to STDERR\n    echo \"error: The sandbox is not in sync with the Podfile.lock. Run 'pod install' or update your CocoaPods installation.\" >&2\n    exit 1\nfi\n# This output is used by Xcode 'outputs' to avoid re-running this script phase.\necho \"SUCCESS\" > \"${SCRIPT_OUTPUT_FILE_0}\"\n";
			showEnvVarsInLog = 0;
		};
/* End PBXShellScriptBuildPhase section */

/* Begin PBXSourcesBuildPhase section */
		CE7AF35329B21400002107FE /* Sources */ = {
			isa = PBXSourcesBuildPhase;
			buildActionMask = 2147483647;
			files = (
				CE7AF37B29B38298002107FE /* UIView+Layout.swift in Sources */,
				CE7AF37D29B38C40002107FE /* VerticalStackView.swift in Sources */,
				CE7AF38029B6362C002107FE /* SearchResult.swift in Sources */,
				CE7AF37829B2634D002107FE /* SearchResultCell.swift in Sources */,
				CE7AF35F29B21400002107FE /* ViewController.swift in Sources */,
				CE7AF37529B24D03002107FE /* AppSearchController.swift in Sources */,
				CE7AF38329B64044002107FE /* ServiceAPI.swift in Sources */,
				CE7AF35B29B21400002107FE /* AppDelegate.swift in Sources */,
				CE7AF37129B21A56002107FE /* MainTabBarController.swift in Sources */,
				CE7AF37329B2440B002107FE /* Icons.swift in Sources */,
				CE7AF35D29B21400002107FE /* SceneDelegate.swift in Sources */,
			);
			runOnlyForDeploymentPostprocessing = 0;
		};
/* End PBXSourcesBuildPhase section */

/* Begin PBXVariantGroup section */
		CE7AF36029B21400002107FE /* Main.storyboard */ = {
			isa = PBXVariantGroup;
			children = (
				CE7AF36129B21400002107FE /* Base */,
			);
			name = Main.storyboard;
			sourceTree = "<group>";
		};
		CE7AF36529B21408002107FE /* LaunchScreen.storyboard */ = {
			isa = PBXVariantGroup;
			children = (
				CE7AF36629B21408002107FE /* Base */,
			);
			name = LaunchScreen.storyboard;
			sourceTree = "<group>";
		};
/* End PBXVariantGroup section */

/* Begin XCBuildConfiguration section */
		CE7AF36929B21408002107FE /* Debug */ = {
			isa = XCBuildConfiguration;
			buildSettings = {
				ALWAYS_SEARCH_USER_PATHS = NO;
				CLANG_ANALYZER_NONNULL = YES;
				CLANG_ANALYZER_NUMBER_OBJECT_CONVERSION = YES_AGGRESSIVE;
				CLANG_CXX_LANGUAGE_STANDARD = "gnu++20";
				CLANG_ENABLE_MODULES = YES;
				CLANG_ENABLE_OBJC_ARC = YES;
				CLANG_ENABLE_OBJC_WEAK = YES;
				CLANG_WARN_BLOCK_CAPTURE_AUTORELEASING = YES;
				CLANG_WARN_BOOL_CONVERSION = YES;
				CLANG_WARN_COMMA = YES;
				CLANG_WARN_CONSTANT_CONVERSION = YES;
				CLANG_WARN_DEPRECATED_OBJC_IMPLEMENTATIONS = YES;
				CLANG_WARN_DIRECT_OBJC_ISA_USAGE = YES_ERROR;
				CLANG_WARN_DOCUMENTATION_COMMENTS = YES;
				CLANG_WARN_EMPTY_BODY = YES;
				CLANG_WARN_ENUM_CONVERSION = YES;
				CLANG_WARN_INFINITE_RECURSION = YES;
				CLANG_WARN_INT_CONVERSION = YES;
				CLANG_WARN_NON_LITERAL_NULL_CONVERSION = YES;
				CLANG_WARN_OBJC_IMPLICIT_RETAIN_SELF = YES;
				CLANG_WARN_OBJC_LITERAL_CONVERSION = YES;
				CLANG_WARN_OBJC_ROOT_CLASS = YES_ERROR;
				CLANG_WARN_QUOTED_INCLUDE_IN_FRAMEWORK_HEADER = YES;
				CLANG_WARN_RANGE_LOOP_ANALYSIS = YES;
				CLANG_WARN_STRICT_PROTOTYPES = YES;
				CLANG_WARN_SUSPICIOUS_MOVE = YES;
				CLANG_WARN_UNGUARDED_AVAILABILITY = YES_AGGRESSIVE;
				CLANG_WARN_UNREACHABLE_CODE = YES;
				CLANG_WARN__DUPLICATE_METHOD_MATCH = YES;
				COPY_PHASE_STRIP = NO;
				DEBUG_INFORMATION_FORMAT = dwarf;
				ENABLE_STRICT_OBJC_MSGSEND = YES;
				ENABLE_TESTABILITY = YES;
				GCC_C_LANGUAGE_STANDARD = gnu11;
				GCC_DYNAMIC_NO_PIC = NO;
				GCC_NO_COMMON_BLOCKS = YES;
				GCC_OPTIMIZATION_LEVEL = 0;
				GCC_PREPROCESSOR_DEFINITIONS = (
					"DEBUG=1",
					"$(inherited)",
				);
				GCC_WARN_64_TO_32_BIT_CONVERSION = YES;
				GCC_WARN_ABOUT_RETURN_TYPE = YES_ERROR;
				GCC_WARN_UNDECLARED_SELECTOR = YES;
				GCC_WARN_UNINITIALIZED_AUTOS = YES_AGGRESSIVE;
				GCC_WARN_UNUSED_FUNCTION = YES;
				GCC_WARN_UNUSED_VARIABLE = YES;
				IPHONEOS_DEPLOYMENT_TARGET = 16.0;
				MTL_ENABLE_DEBUG_INFO = INCLUDE_SOURCE;
				MTL_FAST_MATH = YES;
				ONLY_ACTIVE_ARCH = YES;
				SDKROOT = iphoneos;
				SWIFT_ACTIVE_COMPILATION_CONDITIONS = DEBUG;
				SWIFT_OPTIMIZATION_LEVEL = "-Onone";
			};
			name = Debug;
		};
		CE7AF36A29B21408002107FE /* Release */ = {
			isa = XCBuildConfiguration;
			buildSettings = {
				ALWAYS_SEARCH_USER_PATHS = NO;
				CLANG_ANALYZER_NONNULL = YES;
				CLANG_ANALYZER_NUMBER_OBJECT_CONVERSION = YES_AGGRESSIVE;
				CLANG_CXX_LANGUAGE_STANDARD = "gnu++20";
				CLANG_ENABLE_MODULES = YES;
				CLANG_ENABLE_OBJC_ARC = YES;
				CLANG_ENABLE_OBJC_WEAK = YES;
				CLANG_WARN_BLOCK_CAPTURE_AUTORELEASING = YES;
				CLANG_WARN_BOOL_CONVERSION = YES;
				CLANG_WARN_COMMA = YES;
				CLANG_WARN_CONSTANT_CONVERSION = YES;
				CLANG_WARN_DEPRECATED_OBJC_IMPLEMENTATIONS = YES;
				CLANG_WARN_DIRECT_OBJC_ISA_USAGE = YES_ERROR;
				CLANG_WARN_DOCUMENTATION_COMMENTS = YES;
				CLANG_WARN_EMPTY_BODY = YES;
				CLANG_WARN_ENUM_CONVERSION = YES;
				CLANG_WARN_INFINITE_RECURSION = YES;
				CLANG_WARN_INT_CONVERSION = YES;
				CLANG_WARN_NON_LITERAL_NULL_CONVERSION = YES;
				CLANG_WARN_OBJC_IMPLICIT_RETAIN_SELF = YES;
				CLANG_WARN_OBJC_LITERAL_CONVERSION = YES;
				CLANG_WARN_OBJC_ROOT_CLASS = YES_ERROR;
				CLANG_WARN_QUOTED_INCLUDE_IN_FRAMEWORK_HEADER = YES;
				CLANG_WARN_RANGE_LOOP_ANALYSIS = YES;
				CLANG_WARN_STRICT_PROTOTYPES = YES;
				CLANG_WARN_SUSPICIOUS_MOVE = YES;
				CLANG_WARN_UNGUARDED_AVAILABILITY = YES_AGGRESSIVE;
				CLANG_WARN_UNREACHABLE_CODE = YES;
				CLANG_WARN__DUPLICATE_METHOD_MATCH = YES;
				COPY_PHASE_STRIP = NO;
				DEBUG_INFORMATION_FORMAT = "dwarf-with-dsym";
				ENABLE_NS_ASSERTIONS = NO;
				ENABLE_STRICT_OBJC_MSGSEND = YES;
				GCC_C_LANGUAGE_STANDARD = gnu11;
				GCC_NO_COMMON_BLOCKS = YES;
				GCC_WARN_64_TO_32_BIT_CONVERSION = YES;
				GCC_WARN_ABOUT_RETURN_TYPE = YES_ERROR;
				GCC_WARN_UNDECLARED_SELECTOR = YES;
				GCC_WARN_UNINITIALIZED_AUTOS = YES_AGGRESSIVE;
				GCC_WARN_UNUSED_FUNCTION = YES;
				GCC_WARN_UNUSED_VARIABLE = YES;
				IPHONEOS_DEPLOYMENT_TARGET = 16.0;
				MTL_ENABLE_DEBUG_INFO = NO;
				MTL_FAST_MATH = YES;
				SDKROOT = iphoneos;
				SWIFT_COMPILATION_MODE = wholemodule;
				SWIFT_OPTIMIZATION_LEVEL = "-O";
				VALIDATE_PRODUCT = YES;
			};
			name = Release;
		};
		CE7AF36C29B21408002107FE /* Debug */ = {
			isa = XCBuildConfiguration;
			baseConfigurationReference = A70FBCB3E5EF4FA3A73F6884 /* Pods-AppStoreJSONApis.debug.xcconfig */;
			buildSettings = {
				ASSETCATALOG_COMPILER_APPICON_NAME = AppIcon;
				ASSETCATALOG_COMPILER_GLOBAL_ACCENT_COLOR_NAME = AccentColor;
				CODE_SIGN_STYLE = Automatic;
				CURRENT_PROJECT_VERSION = 1;
				DEVELOPMENT_TEAM = TWWBX6RB4S;
				GENERATE_INFOPLIST_FILE = YES;
				INFOPLIST_FILE = AppStoreJSONApis/Info.plist;
				INFOPLIST_KEY_UIApplicationSupportsIndirectInputEvents = YES;
				INFOPLIST_KEY_UILaunchStoryboardName = LaunchScreen;
				INFOPLIST_KEY_UIMainStoryboardFile = Main;
				INFOPLIST_KEY_UISupportedInterfaceOrientations = UIInterfaceOrientationPortrait;
				INFOPLIST_KEY_UISupportedInterfaceOrientations_iPad = "UIInterfaceOrientationLandscapeLeft UIInterfaceOrientationLandscapeRight UIInterfaceOrientationPortrait UIInterfaceOrientationPortraitUpsideDown";
				IPHONEOS_DEPLOYMENT_TARGET = 16.0;
				LD_RUNPATH_SEARCH_PATHS = (
					"$(inherited)",
					"@executable_path/Frameworks",
				);
				MARKETING_VERSION = 1.0;
				PRODUCT_BUNDLE_IDENTIFIER = "Mark-Kovalchuk.AppStoreJSONApis";
				PRODUCT_NAME = "$(TARGET_NAME)";
				SUPPORTED_PLATFORMS = "iphoneos iphonesimulator";
				SUPPORTS_MACCATALYST = NO;
				SUPPORTS_MAC_DESIGNED_FOR_IPHONE_IPAD = NO;
				SWIFT_EMIT_LOC_STRINGS = YES;
				SWIFT_VERSION = 5.0;
				TARGETED_DEVICE_FAMILY = 1;
			};
			name = Debug;
		};
		CE7AF36D29B21408002107FE /* Release */ = {
			isa = XCBuildConfiguration;
			baseConfigurationReference = F6FC875F0757232EDC75D54B /* Pods-AppStoreJSONApis.release.xcconfig */;
			buildSettings = {
				ASSETCATALOG_COMPILER_APPICON_NAME = AppIcon;
				ASSETCATALOG_COMPILER_GLOBAL_ACCENT_COLOR_NAME = AccentColor;
				CODE_SIGN_STYLE = Automatic;
				CURRENT_PROJECT_VERSION = 1;
				DEVELOPMENT_TEAM = TWWBX6RB4S;
				GENERATE_INFOPLIST_FILE = YES;
				INFOPLIST_FILE = AppStoreJSONApis/Info.plist;
				INFOPLIST_KEY_UIApplicationSupportsIndirectInputEvents = YES;
				INFOPLIST_KEY_UILaunchStoryboardName = LaunchScreen;
				INFOPLIST_KEY_UIMainStoryboardFile = Main;
				INFOPLIST_KEY_UISupportedInterfaceOrientations = UIInterfaceOrientationPortrait;
				INFOPLIST_KEY_UISupportedInterfaceOrientations_iPad = "UIInterfaceOrientationLandscapeLeft UIInterfaceOrientationLandscapeRight UIInterfaceOrientationPortrait UIInterfaceOrientationPortraitUpsideDown";
				IPHONEOS_DEPLOYMENT_TARGET = 16.0;
				LD_RUNPATH_SEARCH_PATHS = (
					"$(inherited)",
					"@executable_path/Frameworks",
				);
				MARKETING_VERSION = 1.0;
				PRODUCT_BUNDLE_IDENTIFIER = "Mark-Kovalchuk.AppStoreJSONApis";
				PRODUCT_NAME = "$(TARGET_NAME)";
				SUPPORTED_PLATFORMS = "iphoneos iphonesimulator";
				SUPPORTS_MACCATALYST = NO;
				SUPPORTS_MAC_DESIGNED_FOR_IPHONE_IPAD = NO;
				SWIFT_EMIT_LOC_STRINGS = YES;
				SWIFT_VERSION = 5.0;
				TARGETED_DEVICE_FAMILY = 1;
			};
			name = Release;
		};
/* End XCBuildConfiguration section */

/* Begin XCConfigurationList section */
		CE7AF35229B21400002107FE /* Build configuration list for PBXProject "AppStoreJSONApis" */ = {
			isa = XCConfigurationList;
			buildConfigurations = (
				CE7AF36929B21408002107FE /* Debug */,
				CE7AF36A29B21408002107FE /* Release */,
			);
			defaultConfigurationIsVisible = 0;
			defaultConfigurationName = Release;
		};
		CE7AF36B29B21408002107FE /* Build configuration list for PBXNativeTarget "AppStoreJSONApis" */ = {
			isa = XCConfigurationList;
			buildConfigurations = (
				CE7AF36C29B21408002107FE /* Debug */,
				CE7AF36D29B21408002107FE /* Release */,
			);
			defaultConfigurationIsVisible = 0;
			defaultConfigurationName = Release;
		};
/* End XCConfigurationList section */
	};
	rootObject = CE7AF34F29B21400002107FE /* Project object */;
}
