// !$*UTF8*$!
{
	archiveVersion = 1;
	classes = {
	};
	objectVersion = 55;
	objects = {

/* Begin PBXBuildFile section */
		B570E2ADA3BDF95BF87A1F23 /* Pods_AppStoreJSONApis.framework in Frameworks */ = {isa = PBXBuildFile; fileRef = 1AE802C7AA0E699C85548F94 /* Pods_AppStoreJSONApis.framework */; };
		CE12AFA429C8ECE300AE49A2 /* AppFullScreenHeaderCell.swift in Sources */ = {isa = PBXBuildFile; fileRef = CE12AFA329C8ECE300AE49A2 /* AppFullScreenHeaderCell.swift */; };
		CE17028229C368D90078B8FE /* UnderlineCell.swift in Sources */ = {isa = PBXBuildFile; fileRef = CE17028129C368D80078B8FE /* UnderlineCell.swift */; };
		CE17028529C4C00C0078B8FE /* TodayAppController.swift in Sources */ = {isa = PBXBuildFile; fileRef = CE17028429C4C00C0078B8FE /* TodayAppController.swift */; };
		CE17028829C4C1E00078B8FE /* TodayCell.swift in Sources */ = {isa = PBXBuildFile; fileRef = CE17028729C4C1E00078B8FE /* TodayCell.swift */; };
		CE178F1929BF617D00E265AF /* HorizontalSnappingController.swift in Sources */ = {isa = PBXBuildFile; fileRef = CE178F1829BF617D00E265AF /* HorizontalSnappingController.swift */; };
		CE178F1B29BF802500E265AF /* AppDetailController.swift in Sources */ = {isa = PBXBuildFile; fileRef = CE178F1A29BF802500E265AF /* AppDetailController.swift */; };
		CE178F1E29BF96E800E265AF /* DetailAppCell.swift in Sources */ = {isa = PBXBuildFile; fileRef = CE178F1D29BF96E800E265AF /* DetailAppCell.swift */; };
		CE26A9A729B7820C00EDEE56 /* AppPageController.swift in Sources */ = {isa = PBXBuildFile; fileRef = CE26A9A629B7820C00EDEE56 /* AppPageController.swift */; };
		CE26A9A929B784CA00EDEE56 /* BaseSectionController.swift in Sources */ = {isa = PBXBuildFile; fileRef = CE26A9A829B784CA00EDEE56 /* BaseSectionController.swift */; };
		CE26A9AB29B7877100EDEE56 /* AppCell.swift in Sources */ = {isa = PBXBuildFile; fileRef = CE26A9AA29B7877100EDEE56 /* AppCell.swift */; };
		CE26A9AE29B798B700EDEE56 /* AppsHorizontalController.swift in Sources */ = {isa = PBXBuildFile; fileRef = CE26A9AD29B798B700EDEE56 /* AppsHorizontalController.swift */; };
		CE26A9B029B7B1DE00EDEE56 /* AppRowCell.swift in Sources */ = {isa = PBXBuildFile; fileRef = CE26A9AF29B7B1DE00EDEE56 /* AppRowCell.swift */; };
		CE26A9B229B7B27600EDEE56 /* Extensions.swift in Sources */ = {isa = PBXBuildFile; fileRef = CE26A9B129B7B27600EDEE56 /* Extensions.swift */; };
		CE2F0CCD29C2325000CA32F4 /* Reviews.swift in Sources */ = {isa = PBXBuildFile; fileRef = CE2F0CCC29C2325000CA32F4 /* Reviews.swift */; };
		CE6A51EB29C9FC4900F9969D /* TodayItem.swift in Sources */ = {isa = PBXBuildFile; fileRef = CE6A51EA29C9FC4800F9969D /* TodayItem.swift */; };
		CE6A51ED29CA238B00F9969D /* TodayMultipleAppCell.swift in Sources */ = {isa = PBXBuildFile; fileRef = CE6A51EC29CA238B00F9969D /* TodayMultipleAppCell.swift */; };
		CE6A51EF29CA321200F9969D /* BaseTodayCell.swift in Sources */ = {isa = PBXBuildFile; fileRef = CE6A51EE29CA321200F9969D /* BaseTodayCell.swift */; };
		CE6A51F129CB36D800F9969D /* TodayMultipleAppController.swift in Sources */ = {isa = PBXBuildFile; fileRef = CE6A51F029CB36D800F9969D /* TodayMultipleAppController.swift */; };
		CE6A51F529CB825A00F9969D /* BackEnabledNavigationController.swift in Sources */ = {isa = PBXBuildFile; fileRef = CE6A51F429CB825A00F9969D /* BackEnabledNavigationController.swift */; };
		CE7AF35B29B21400002107FE /* AppDelegate.swift in Sources */ = {isa = PBXBuildFile; fileRef = CE7AF35A29B21400002107FE /* AppDelegate.swift */; };
		CE7AF35D29B21400002107FE /* SceneDelegate.swift in Sources */ = {isa = PBXBuildFile; fileRef = CE7AF35C29B21400002107FE /* SceneDelegate.swift */; };
		CE7AF35F29B21400002107FE /* ViewController.swift in Sources */ = {isa = PBXBuildFile; fileRef = CE7AF35E29B21400002107FE /* ViewController.swift */; };
		CE7AF36229B21400002107FE /* Main.storyboard in Resources */ = {isa = PBXBuildFile; fileRef = CE7AF36029B21400002107FE /* Main.storyboard */; };
		CE7AF36429B21408002107FE /* Assets.xcassets in Resources */ = {isa = PBXBuildFile; fileRef = CE7AF36329B21408002107FE /* Assets.xcassets */; };
		CE7AF36729B21408002107FE /* LaunchScreen.storyboard in Resources */ = {isa = PBXBuildFile; fileRef = CE7AF36529B21408002107FE /* LaunchScreen.storyboard */; };
		CE7AF36F29B21465002107FE /* .gitignore in Resources */ = {isa = PBXBuildFile; fileRef = CE7AF36E29B21465002107FE /* .gitignore */; };
		CE7AF37129B21A56002107FE /* MainTabBarController.swift in Sources */ = {isa = PBXBuildFile; fileRef = CE7AF37029B21A56002107FE /* MainTabBarController.swift */; };
		CE7AF37329B2440B002107FE /* Icons.swift in Sources */ = {isa = PBXBuildFile; fileRef = CE7AF37229B2440B002107FE /* Icons.swift */; };
		CE7AF37529B24D03002107FE /* AppSearchController.swift in Sources */ = {isa = PBXBuildFile; fileRef = CE7AF37429B24D03002107FE /* AppSearchController.swift */; };
		CE7AF37829B2634D002107FE /* SearchResultCell.swift in Sources */ = {isa = PBXBuildFile; fileRef = CE7AF37729B2634D002107FE /* SearchResultCell.swift */; };
		CE7AF37B29B38298002107FE /* UIView+Layout.swift in Sources */ = {isa = PBXBuildFile; fileRef = CE7AF37A29B38298002107FE /* UIView+Layout.swift */; };
		CE7AF37D29B38C40002107FE /* VerticalStackView.swift in Sources */ = {isa = PBXBuildFile; fileRef = CE7AF37C29B38C40002107FE /* VerticalStackView.swift */; };
		CE7AF38029B6362C002107FE /* SearchResult.swift in Sources */ = {isa = PBXBuildFile; fileRef = CE7AF37F29B6362C002107FE /* SearchResult.swift */; };
		CE7AF38329B64044002107FE /* ServiceAPI.swift in Sources */ = {isa = PBXBuildFile; fileRef = CE7AF38229B64044002107FE /* ServiceAPI.swift */; };
		CE817A3929C8A26B00DF383D /* AppFullScreenController.swift in Sources */ = {isa = PBXBuildFile; fileRef = CE817A3829C8A26B00DF383D /* AppFullScreenController.swift */; };
		CE817A3B29C8C49D00DF383D /* AppDescriptionCell.swift in Sources */ = {isa = PBXBuildFile; fileRef = CE817A3A29C8C49D00DF383D /* AppDescriptionCell.swift */; };
		CE8E80E329C204D300274FC1 /* ReviewRowCell.swift in Sources */ = {isa = PBXBuildFile; fileRef = CE8E80E229C204D300274FC1 /* ReviewRowCell.swift */; };
		CE8E80E529C2087800274FC1 /* ReviewController.swift in Sources */ = {isa = PBXBuildFile; fileRef = CE8E80E429C2087800274FC1 /* ReviewController.swift */; };
		CE8E80E729C2216500274FC1 /* ReviewCell.swift in Sources */ = {isa = PBXBuildFile; fileRef = CE8E80E629C2216500274FC1 /* ReviewCell.swift */; };
		CE922C5C29B9FC8E00D799CA /* AppPageHeaderView.swift in Sources */ = {isa = PBXBuildFile; fileRef = CE922C5B29B9FC8E00D799CA /* AppPageHeaderView.swift */; };
		CE922C5E29B9FEE500D799CA /* AppPageHeaderController.swift in Sources */ = {isa = PBXBuildFile; fileRef = CE922C5D29B9FEE500D799CA /* AppPageHeaderController.swift */; };
		CE922C6029BA075D00D799CA /* AppsHeaderCell.swift in Sources */ = {isa = PBXBuildFile; fileRef = CE922C5F29BA075D00D799CA /* AppsHeaderCell.swift */; };
		CE922C6229BA48F000D799CA /* AppResult.swift in Sources */ = {isa = PBXBuildFile; fileRef = CE922C6129BA48F000D799CA /* AppResult.swift */; };
		CE922C6429BB844400D799CA /* AppHeaderApps.swift in Sources */ = {isa = PBXBuildFile; fileRef = CE922C6329BB844400D799CA /* AppHeaderApps.swift */; };
		CED5C0A129C0F5F8005265F9 /* ScreenshotsAppCell.swift in Sources */ = {isa = PBXBuildFile; fileRef = CED5C0A029C0F5F8005265F9 /* ScreenshotsAppCell.swift */; };
		CED5C0A329C0FACF005265F9 /* ScreenshotController.swift in Sources */ = {isa = PBXBuildFile; fileRef = CED5C0A229C0FACF005265F9 /* ScreenshotController.swift */; };
		CEFF50DF29CE058D00E33A87 /* MusicController.swift in Sources */ = {isa = PBXBuildFile; fileRef = CEFF50DE29CE058D00E33A87 /* MusicController.swift */; };
		CEFF50E229CE07B500E33A87 /* TrackCell.swift in Sources */ = {isa = PBXBuildFile; fileRef = CEFF50E129CE07B500E33A87 /* TrackCell.swift */; };
		CEFF50E529CE0BE200E33A87 /* MusicControllerFooter.swift in Sources */ = {isa = PBXBuildFile; fileRef = CEFF50E429CE0BE200E33A87 /* MusicControllerFooter.swift */; };
		CEFF50E729CE151600E33A87 /* Music.swift in Sources */ = {isa = PBXBuildFile; fileRef = CEFF50E629CE151600E33A87 /* Music.swift */; };
/* End PBXBuildFile section */

/* Begin PBXFileReference section */
		1AE802C7AA0E699C85548F94 /* Pods_AppStoreJSONApis.framework */ = {isa = PBXFileReference; explicitFileType = wrapper.framework; includeInIndex = 0; path = Pods_AppStoreJSONApis.framework; sourceTree = BUILT_PRODUCTS_DIR; };
		A70FBCB3E5EF4FA3A73F6884 /* Pods-AppStoreJSONApis.debug.xcconfig */ = {isa = PBXFileReference; includeInIndex = 1; lastKnownFileType = text.xcconfig; name = "Pods-AppStoreJSONApis.debug.xcconfig"; path = "Target Support Files/Pods-AppStoreJSONApis/Pods-AppStoreJSONApis.debug.xcconfig"; sourceTree = "<group>"; };
		CE12AFA329C8ECE300AE49A2 /* AppFullScreenHeaderCell.swift */ = {isa = PBXFileReference; lastKnownFileType = sourcecode.swift; path = AppFullScreenHeaderCell.swift; sourceTree = "<group>"; };
		CE17028129C368D80078B8FE /* UnderlineCell.swift */ = {isa = PBXFileReference; lastKnownFileType = sourcecode.swift; path = UnderlineCell.swift; sourceTree = "<group>"; };
		CE17028429C4C00C0078B8FE /* TodayAppController.swift */ = {isa = PBXFileReference; lastKnownFileType = sourcecode.swift; path = TodayAppController.swift; sourceTree = "<group>"; };
		CE17028729C4C1E00078B8FE /* TodayCell.swift */ = {isa = PBXFileReference; lastKnownFileType = sourcecode.swift; path = TodayCell.swift; sourceTree = "<group>"; };
		CE178F1829BF617D00E265AF /* HorizontalSnappingController.swift */ = {isa = PBXFileReference; lastKnownFileType = sourcecode.swift; path = HorizontalSnappingController.swift; sourceTree = "<group>"; };
		CE178F1A29BF802500E265AF /* AppDetailController.swift */ = {isa = PBXFileReference; lastKnownFileType = sourcecode.swift; path = AppDetailController.swift; sourceTree = "<group>"; };
		CE178F1D29BF96E800E265AF /* DetailAppCell.swift */ = {isa = PBXFileReference; lastKnownFileType = sourcecode.swift; path = DetailAppCell.swift; sourceTree = "<group>"; };
		CE26A9A629B7820C00EDEE56 /* AppPageController.swift */ = {isa = PBXFileReference; lastKnownFileType = sourcecode.swift; name = AppPageController.swift; path = AppStoreJSONApis/Controller/App/AppPageController.swift; sourceTree = SOURCE_ROOT; };
		CE26A9A829B784CA00EDEE56 /* BaseSectionController.swift */ = {isa = PBXFileReference; lastKnownFileType = sourcecode.swift; path = BaseSectionController.swift; sourceTree = "<group>"; };
		CE26A9AA29B7877100EDEE56 /* AppCell.swift */ = {isa = PBXFileReference; lastKnownFileType = sourcecode.swift; path = AppCell.swift; sourceTree = "<group>"; };
		CE26A9AD29B798B700EDEE56 /* AppsHorizontalController.swift */ = {isa = PBXFileReference; lastKnownFileType = sourcecode.swift; path = AppsHorizontalController.swift; sourceTree = "<group>"; };
		CE26A9AF29B7B1DE00EDEE56 /* AppRowCell.swift */ = {isa = PBXFileReference; lastKnownFileType = sourcecode.swift; path = AppRowCell.swift; sourceTree = "<group>"; };
		CE26A9B129B7B27600EDEE56 /* Extensions.swift */ = {isa = PBXFileReference; lastKnownFileType = sourcecode.swift; path = Extensions.swift; sourceTree = "<group>"; };
		CE2F0CCC29C2325000CA32F4 /* Reviews.swift */ = {isa = PBXFileReference; lastKnownFileType = sourcecode.swift; path = Reviews.swift; sourceTree = "<group>"; };
		CE6A51EA29C9FC4800F9969D /* TodayItem.swift */ = {isa = PBXFileReference; lastKnownFileType = sourcecode.swift; path = TodayItem.swift; sourceTree = "<group>"; };
		CE6A51EC29CA238B00F9969D /* TodayMultipleAppCell.swift */ = {isa = PBXFileReference; lastKnownFileType = sourcecode.swift; path = TodayMultipleAppCell.swift; sourceTree = "<group>"; };
		CE6A51EE29CA321200F9969D /* BaseTodayCell.swift */ = {isa = PBXFileReference; lastKnownFileType = sourcecode.swift; path = BaseTodayCell.swift; sourceTree = "<group>"; };
		CE6A51F029CB36D800F9969D /* TodayMultipleAppController.swift */ = {isa = PBXFileReference; lastKnownFileType = sourcecode.swift; path = TodayMultipleAppController.swift; sourceTree = "<group>"; };
		CE6A51F429CB825A00F9969D /* BackEnabledNavigationController.swift */ = {isa = PBXFileReference; lastKnownFileType = sourcecode.swift; path = BackEnabledNavigationController.swift; sourceTree = "<group>"; };
		CE7AF35729B21400002107FE /* AppStoreJSONApis.app */ = {isa = PBXFileReference; explicitFileType = wrapper.application; includeInIndex = 0; path = AppStoreJSONApis.app; sourceTree = BUILT_PRODUCTS_DIR; };
		CE7AF35A29B21400002107FE /* AppDelegate.swift */ = {isa = PBXFileReference; lastKnownFileType = sourcecode.swift; path = AppDelegate.swift; sourceTree = "<group>"; };
		CE7AF35C29B21400002107FE /* SceneDelegate.swift */ = {isa = PBXFileReference; lastKnownFileType = sourcecode.swift; path = SceneDelegate.swift; sourceTree = "<group>"; };
		CE7AF35E29B21400002107FE /* ViewController.swift */ = {isa = PBXFileReference; lastKnownFileType = sourcecode.swift; path = ViewController.swift; sourceTree = "<group>"; };
		CE7AF36129B21400002107FE /* Base */ = {isa = PBXFileReference; lastKnownFileType = file.storyboard; name = Base; path = Base.lproj/Main.storyboard; sourceTree = "<group>"; };
		CE7AF36329B21408002107FE /* Assets.xcassets */ = {isa = PBXFileReference; lastKnownFileType = folder.assetcatalog; path = Assets.xcassets; sourceTree = "<group>"; };
		CE7AF36629B21408002107FE /* Base */ = {isa = PBXFileReference; lastKnownFileType = file.storyboard; name = Base; path = Base.lproj/LaunchScreen.storyboard; sourceTree = "<group>"; };
		CE7AF36829B21408002107FE /* Info.plist */ = {isa = PBXFileReference; lastKnownFileType = text.plist.xml; path = Info.plist; sourceTree = "<group>"; };
		CE7AF36E29B21465002107FE /* .gitignore */ = {isa = PBXFileReference; lastKnownFileType = text; path = .gitignore; sourceTree = "<group>"; };
		CE7AF37029B21A56002107FE /* MainTabBarController.swift */ = {isa = PBXFileReference; lastKnownFileType = sourcecode.swift; path = MainTabBarController.swift; sourceTree = "<group>"; };
		CE7AF37229B2440B002107FE /* Icons.swift */ = {isa = PBXFileReference; lastKnownFileType = sourcecode.swift; path = Icons.swift; sourceTree = "<group>"; };
		CE7AF37429B24D03002107FE /* AppSearchController.swift */ = {isa = PBXFileReference; lastKnownFileType = sourcecode.swift; path = AppSearchController.swift; sourceTree = "<group>"; };
		CE7AF37729B2634D002107FE /* SearchResultCell.swift */ = {isa = PBXFileReference; lastKnownFileType = sourcecode.swift; path = SearchResultCell.swift; sourceTree = "<group>"; };
		CE7AF37A29B38298002107FE /* UIView+Layout.swift */ = {isa = PBXFileReference; fileEncoding = 4; lastKnownFileType = sourcecode.swift; path = "UIView+Layout.swift"; sourceTree = "<group>"; };
		CE7AF37C29B38C40002107FE /* VerticalStackView.swift */ = {isa = PBXFileReference; lastKnownFileType = sourcecode.swift; path = VerticalStackView.swift; sourceTree = "<group>"; };
		CE7AF37F29B6362C002107FE /* SearchResult.swift */ = {isa = PBXFileReference; lastKnownFileType = sourcecode.swift; path = SearchResult.swift; sourceTree = "<group>"; };
		CE7AF38229B64044002107FE /* ServiceAPI.swift */ = {isa = PBXFileReference; lastKnownFileType = sourcecode.swift; path = ServiceAPI.swift; sourceTree = "<group>"; };
		CE817A3829C8A26B00DF383D /* AppFullScreenController.swift */ = {isa = PBXFileReference; lastKnownFileType = sourcecode.swift; path = AppFullScreenController.swift; sourceTree = "<group>"; };
		CE817A3A29C8C49D00DF383D /* AppDescriptionCell.swift */ = {isa = PBXFileReference; lastKnownFileType = sourcecode.swift; path = AppDescriptionCell.swift; sourceTree = "<group>"; };
		CE8E80E229C204D300274FC1 /* ReviewRowCell.swift */ = {isa = PBXFileReference; lastKnownFileType = sourcecode.swift; path = ReviewRowCell.swift; sourceTree = "<group>"; };
		CE8E80E429C2087800274FC1 /* ReviewController.swift */ = {isa = PBXFileReference; lastKnownFileType = sourcecode.swift; path = ReviewController.swift; sourceTree = "<group>"; };
		CE8E80E629C2216500274FC1 /* ReviewCell.swift */ = {isa = PBXFileReference; lastKnownFileType = sourcecode.swift; path = ReviewCell.swift; sourceTree = "<group>"; };
		CE922C5B29B9FC8E00D799CA /* AppPageHeaderView.swift */ = {isa = PBXFileReference; lastKnownFileType = sourcecode.swift; path = AppPageHeaderView.swift; sourceTree = "<group>"; };
		CE922C5D29B9FEE500D799CA /* AppPageHeaderController.swift */ = {isa = PBXFileReference; lastKnownFileType = sourcecode.swift; path = AppPageHeaderController.swift; sourceTree = "<group>"; };
		CE922C5F29BA075D00D799CA /* AppsHeaderCell.swift */ = {isa = PBXFileReference; lastKnownFileType = sourcecode.swift; path = AppsHeaderCell.swift; sourceTree = "<group>"; };
		CE922C6129BA48F000D799CA /* AppResult.swift */ = {isa = PBXFileReference; lastKnownFileType = sourcecode.swift; path = AppResult.swift; sourceTree = "<group>"; };
		CE922C6329BB844400D799CA /* AppHeaderApps.swift */ = {isa = PBXFileReference; lastKnownFileType = sourcecode.swift; path = AppHeaderApps.swift; sourceTree = "<group>"; };
		CED5C0A029C0F5F8005265F9 /* ScreenshotsAppCell.swift */ = {isa = PBXFileReference; lastKnownFileType = sourcecode.swift; path = ScreenshotsAppCell.swift; sourceTree = "<group>"; };
		CED5C0A229C0FACF005265F9 /* ScreenshotController.swift */ = {isa = PBXFileReference; lastKnownFileType = sourcecode.swift; path = ScreenshotController.swift; sourceTree = "<group>"; };
		CEFF50DE29CE058D00E33A87 /* MusicController.swift */ = {isa = PBXFileReference; lastKnownFileType = sourcecode.swift; path = MusicController.swift; sourceTree = "<group>"; };
		CEFF50E129CE07B500E33A87 /* TrackCell.swift */ = {isa = PBXFileReference; lastKnownFileType = sourcecode.swift; path = TrackCell.swift; sourceTree = "<group>"; };
		CEFF50E429CE0BE200E33A87 /* MusicControllerFooter.swift */ = {isa = PBXFileReference; lastKnownFileType = sourcecode.swift; path = MusicControllerFooter.swift; sourceTree = "<group>"; };
		CEFF50E629CE151600E33A87 /* Music.swift */ = {isa = PBXFileReference; lastKnownFileType = sourcecode.swift; path = Music.swift; sourceTree = "<group>"; };
		F6FC875F0757232EDC75D54B /* Pods-AppStoreJSONApis.release.xcconfig */ = {isa = PBXFileReference; includeInIndex = 1; lastKnownFileType = text.xcconfig; name = "Pods-AppStoreJSONApis.release.xcconfig"; path = "Target Support Files/Pods-AppStoreJSONApis/Pods-AppStoreJSONApis.release.xcconfig"; sourceTree = "<group>"; };
/* End PBXFileReference section */

/* Begin PBXFrameworksBuildPhase section */
		CE7AF35429B21400002107FE /* Frameworks */ = {
			isa = PBXFrameworksBuildPhase;
			buildActionMask = 2147483647;
			files = (
				B570E2ADA3BDF95BF87A1F23 /* Pods_AppStoreJSONApis.framework in Frameworks */,
			);
			runOnlyForDeploymentPostprocessing = 0;
		};
/* End PBXFrameworksBuildPhase section */

/* Begin PBXGroup section */
		48D50E7D37552049433CAFFC /* Pods */ = {
			isa = PBXGroup;
			children = (
				A70FBCB3E5EF4FA3A73F6884 /* Pods-AppStoreJSONApis.debug.xcconfig */,
				F6FC875F0757232EDC75D54B /* Pods-AppStoreJSONApis.release.xcconfig */,
			);
			path = Pods;
			sourceTree = "<group>";
		};
		CB56731EA849995BA07B5D9F /* Frameworks */ = {
			isa = PBXGroup;
			children = (
				1AE802C7AA0E699C85548F94 /* Pods_AppStoreJSONApis.framework */,
			);
			name = Frameworks;
			sourceTree = "<group>";
		};
		CE17028329C4B6460078B8FE /* Today */ = {
			isa = PBXGroup;
			children = (
				CE17028429C4C00C0078B8FE /* TodayAppController.swift */,
				CE817A3829C8A26B00DF383D /* AppFullScreenController.swift */,
				CE6A51F029CB36D800F9969D /* TodayMultipleAppController.swift */,
			);
			path = Today;
			sourceTree = "<group>";
		};
		CE17028629C4C1BE0078B8FE /* Today */ = {
			isa = PBXGroup;
			children = (
				CE17028729C4C1E00078B8FE /* TodayCell.swift */,
				CE817A3A29C8C49D00DF383D /* AppDescriptionCell.swift */,
				CE12AFA329C8ECE300AE49A2 /* AppFullScreenHeaderCell.swift */,
				CE6A51EC29CA238B00F9969D /* TodayMultipleAppCell.swift */,
				CE6A51EE29CA321200F9969D /* BaseTodayCell.swift */,
			);
			path = Today;
			sourceTree = "<group>";
		};
		CE178F1C29BF89B900E265AF /* Detail */ = {
			isa = PBXGroup;
			children = (
				CE178F1A29BF802500E265AF /* AppDetailController.swift */,
				CED5C0A229C0FACF005265F9 /* ScreenshotController.swift */,
				CE8E80E429C2087800274FC1 /* ReviewController.swift */,
			);
			path = Detail;
			sourceTree = "<group>";
		};
		CE178F1F29BF96EF00E265AF /* Detail */ = {
			isa = PBXGroup;
			children = (
				CE178F1D29BF96E800E265AF /* DetailAppCell.swift */,
				CED5C0A029C0F5F8005265F9 /* ScreenshotsAppCell.swift */,
				CE8E80E229C204D300274FC1 /* ReviewRowCell.swift */,
				CE8E80E629C2216500274FC1 /* ReviewCell.swift */,
			);
			path = Detail;
			sourceTree = "<group>";
		};
		CE26A9AC29B7877F00EDEE56 /* Views */ = {
			isa = PBXGroup;
			children = (
				CEFF50E329CE07BE00E33A87 /* Music */,
				CE17028629C4C1BE0078B8FE /* Today */,
				CED5C09D29C0F188005265F9 /* Search */,
				CED5C09E29C0F1B5005265F9 /* App */,
				CE17028129C368D80078B8FE /* UnderlineCell.swift */,
			);
			path = Views;
			sourceTree = "<group>";
		};
		CE7AF34E29B21400002107FE = {
			isa = PBXGroup;
			children = (
				CE7AF36E29B21465002107FE /* .gitignore */,
				CE7AF35929B21400002107FE /* AppStoreJSONApis */,
				CE7AF35829B21400002107FE /* Products */,
				48D50E7D37552049433CAFFC /* Pods */,
				CB56731EA849995BA07B5D9F /* Frameworks */,
			);
			sourceTree = "<group>";
		};
		CE7AF35829B21400002107FE /* Products */ = {
			isa = PBXGroup;
			children = (
				CE7AF35729B21400002107FE /* AppStoreJSONApis.app */,
			);
			name = Products;
			sourceTree = "<group>";
		};
		CE7AF35929B21400002107FE /* AppStoreJSONApis */ = {
			isa = PBXGroup;
			children = (
				CE8E80E029C2036100274FC1 /* System */,
				CE7AF38129B64027002107FE /* Service */,
				CE7AF37E29B63602002107FE /* Model */,
				CE7AF37929B38252002107FE /* Helpers */,
				CE7AF37629B24D0F002107FE /* Controller */,
				CE26A9AC29B7877F00EDEE56 /* Views */,
				CE8E80E129C2038200274FC1 /* Assets */,
				CE7AF36029B21400002107FE /* Main.storyboard */,
				CE7AF36529B21408002107FE /* LaunchScreen.storyboard */,
				CE7AF36829B21408002107FE /* Info.plist */,
			);
			path = AppStoreJSONApis;
			sourceTree = "<group>";
		};
		CE7AF37629B24D0F002107FE /* Controller */ = {
			isa = PBXGroup;
			children = (
				CEFF50E029CE059500E33A87 /* Music */,
				CE17028329C4B6460078B8FE /* Today */,
				CE7AF38429B78036002107FE /* Search */,
				CE7AF38629B78073002107FE /* App */,
				CE26A9A829B784CA00EDEE56 /* BaseSectionController.swift */,
				CE7AF37029B21A56002107FE /* MainTabBarController.swift */,
				CE178F1829BF617D00E265AF /* HorizontalSnappingController.swift */,
				CE6A51F429CB825A00F9969D /* BackEnabledNavigationController.swift */,
			);
			path = Controller;
			sourceTree = "<group>";
		};
		CE7AF37929B38252002107FE /* Helpers */ = {
			isa = PBXGroup;
			children = (
				CE7AF37A29B38298002107FE /* UIView+Layout.swift */,
				CE7AF37C29B38C40002107FE /* VerticalStackView.swift */,
				CE26A9B129B7B27600EDEE56 /* Extensions.swift */,
			);
			path = Helpers;
			sourceTree = "<group>";
		};
		CE7AF37E29B63602002107FE /* Model */ = {
			isa = PBXGroup;
			children = (
				CE7AF37F29B6362C002107FE /* SearchResult.swift */,
				CE922C6129BA48F000D799CA /* AppResult.swift */,
				CE922C6329BB844400D799CA /* AppHeaderApps.swift */,
				CE2F0CCC29C2325000CA32F4 /* Reviews.swift */,
				CE6A51EA29C9FC4800F9969D /* TodayItem.swift */,
				CEFF50E629CE151600E33A87 /* Music.swift */,
			);
			path = Model;
			sourceTree = "<group>";
		};
		CE7AF38129B64027002107FE /* Service */ = {
			isa = PBXGroup;
			children = (
				CE7AF38229B64044002107FE /* ServiceAPI.swift */,
			);
			path = Service;
			sourceTree = "<group>";
		};
		CE7AF38429B78036002107FE /* Search */ = {
			isa = PBXGroup;
			children = (
				CE7AF37429B24D03002107FE /* AppSearchController.swift */,
			);
			path = Search;
			sourceTree = "<group>";
		};
		CE7AF38629B78073002107FE /* App */ = {
			isa = PBXGroup;
			children = (
				CE178F1C29BF89B900E265AF /* Detail */,
				CE26A9A629B7820C00EDEE56 /* AppPageController.swift */,
				CE26A9AD29B798B700EDEE56 /* AppsHorizontalController.swift */,
				CE922C5D29B9FEE500D799CA /* AppPageHeaderController.swift */,
			);
			path = App;
			sourceTree = "<group>";
		};
		CE8E80E029C2036100274FC1 /* System */ = {
			isa = PBXGroup;
			children = (
				CE7AF35A29B21400002107FE /* AppDelegate.swift */,
				CE7AF35C29B21400002107FE /* SceneDelegate.swift */,
				CE7AF35E29B21400002107FE /* ViewController.swift */,
			);
			path = System;
			sourceTree = "<group>";
		};
		CE8E80E129C2038200274FC1 /* Assets */ = {
			isa = PBXGroup;
			children = (
				CE7AF37229B2440B002107FE /* Icons.swift */,
				CE7AF36329B21408002107FE /* Assets.xcassets */,
			);
			path = Assets;
			sourceTree = "<group>";
		};
		CED5C09D29C0F188005265F9 /* Search */ = {
			isa = PBXGroup;
			children = (
				CE7AF37729B2634D002107FE /* SearchResultCell.swift */,
			);
			path = Search;
			sourceTree = "<group>";
		};
		CED5C09E29C0F1B5005265F9 /* App */ = {
			isa = PBXGroup;
			children = (
				CED5C09F29C0F1D4005265F9 /* Header */,
				CE178F1F29BF96EF00E265AF /* Detail */,
				CE26A9AA29B7877100EDEE56 /* AppCell.swift */,
				CE26A9AF29B7B1DE00EDEE56 /* AppRowCell.swift */,
			);
			path = App;
			sourceTree = "<group>";
		};
		CED5C09F29C0F1D4005265F9 /* Header */ = {
			isa = PBXGroup;
			children = (
				CE922C5B29B9FC8E00D799CA /* AppPageHeaderView.swift */,
				CE922C5F29BA075D00D799CA /* AppsHeaderCell.swift */,
			);
			path = Header;
			sourceTree = "<group>";
		};
		CEFF50E029CE059500E33A87 /* Music */ = {
			isa = PBXGroup;
			children = (
				CEFF50DE29CE058D00E33A87 /* MusicController.swift */,
			);
			path = Music;
			sourceTree = "<group>";
		};
		CEFF50E329CE07BE00E33A87 /* Music */ = {
			isa = PBXGroup;
			children = (
				CEFF50E129CE07B500E33A87 /* TrackCell.swift */,
				CEFF50E429CE0BE200E33A87 /* MusicControllerFooter.swift */,
			);
			path = Music;
			sourceTree = "<group>";
		};
/* End PBXGroup section */

/* Begin PBXNativeTarget section */
		CE7AF35629B21400002107FE /* AppStoreJSONApis */ = {
			isa = PBXNativeTarget;
			buildConfigurationList = CE7AF36B29B21408002107FE /* Build configuration list for PBXNativeTarget "AppStoreJSONApis" */;
			buildPhases = (
				73D0DF739BF15574A1E5FA21 /* [CP] Check Pods Manifest.lock */,
				CE7AF35329B21400002107FE /* Sources */,
				CE7AF35429B21400002107FE /* Frameworks */,
				CE7AF35529B21400002107FE /* Resources */,
				3443D205312BA62E7CB639B7 /* [CP] Embed Pods Frameworks */,
			);
			buildRules = (
			);
			dependencies = (
			);
			name = AppStoreJSONApis;
			productName = AppStoreJSONApis;
			productReference = CE7AF35729B21400002107FE /* AppStoreJSONApis.app */;
			productType = "com.apple.product-type.application";
		};
/* End PBXNativeTarget section */

/* Begin PBXProject section */
		CE7AF34F29B21400002107FE /* Project object */ = {
			isa = PBXProject;
			attributes = {
				BuildIndependentTargetsInParallel = 1;
				LastSwiftUpdateCheck = 1420;
				LastUpgradeCheck = 1420;
				TargetAttributes = {
					CE7AF35629B21400002107FE = {
						CreatedOnToolsVersion = 14.2;
					};
				};
			};
			buildConfigurationList = CE7AF35229B21400002107FE /* Build configuration list for PBXProject "AppStoreJSONApis" */;
			compatibilityVersion = "Xcode 13.0";
			developmentRegion = en;
			hasScannedForEncodings = 0;
			knownRegions = (
				en,
				Base,
			);
			mainGroup = CE7AF34E29B21400002107FE;
			productRefGroup = CE7AF35829B21400002107FE /* Products */;
			projectDirPath = "";
			projectRoot = "";
			targets = (
				CE7AF35629B21400002107FE /* AppStoreJSONApis */,
			);
		};
/* End PBXProject section */

/* Begin PBXResourcesBuildPhase section */
		CE7AF35529B21400002107FE /* Resources */ = {
			isa = PBXResourcesBuildPhase;
			buildActionMask = 2147483647;
			files = (
				CE7AF36F29B21465002107FE /* .gitignore in Resources */,
				CE7AF36729B21408002107FE /* LaunchScreen.storyboard in Resources */,
				CE7AF36429B21408002107FE /* Assets.xcassets in Resources */,
				CE7AF36229B21400002107FE /* Main.storyboard in Resources */,
			);
			runOnlyForDeploymentPostprocessing = 0;
		};
/* End PBXResourcesBuildPhase section */

/* Begin PBXShellScriptBuildPhase section */
		3443D205312BA62E7CB639B7 /* [CP] Embed Pods Frameworks */ = {
			isa = PBXShellScriptBuildPhase;
			buildActionMask = 2147483647;
			files = (
			);
			inputFileListPaths = (
				"${PODS_ROOT}/Target Support Files/Pods-AppStoreJSONApis/Pods-AppStoreJSONApis-frameworks-${CONFIGURATION}-input-files.xcfilelist",
			);
			name = "[CP] Embed Pods Frameworks";
			outputFileListPaths = (
				"${PODS_ROOT}/Target Support Files/Pods-AppStoreJSONApis/Pods-AppStoreJSONApis-frameworks-${CONFIGURATION}-output-files.xcfilelist",
			);
			runOnlyForDeploymentPostprocessing = 0;
			shellPath = /bin/sh;
			shellScript = "\"${PODS_ROOT}/Target Support Files/Pods-AppStoreJSONApis/Pods-AppStoreJSONApis-frameworks.sh\"\n";
			showEnvVarsInLog = 0;
		};
		73D0DF739BF15574A1E5FA21 /* [CP] Check Pods Manifest.lock */ = {
			isa = PBXShellScriptBuildPhase;
			buildActionMask = 2147483647;
			files = (
			);
			inputFileListPaths = (
			);
			inputPaths = (
				"${PODS_PODFILE_DIR_PATH}/Podfile.lock",
				"${PODS_ROOT}/Manifest.lock",
			);
			name = "[CP] Check Pods Manifest.lock";
			outputFileListPaths = (
			);
			outputPaths = (
				"$(DERIVED_FILE_DIR)/Pods-AppStoreJSONApis-checkManifestLockResult.txt",
			);
			runOnlyForDeploymentPostprocessing = 0;
			shellPath = /bin/sh;
			shellScript = "diff \"${PODS_PODFILE_DIR_PATH}/Podfile.lock\" \"${PODS_ROOT}/Manifest.lock\" > /dev/null\nif [ $? != 0 ] ; then\n    # print error to STDERR\n    echo \"error: The sandbox is not in sync with the Podfile.lock. Run 'pod install' or update your CocoaPods installation.\" >&2\n    exit 1\nfi\n# This output is used by Xcode 'outputs' to avoid re-running this script phase.\necho \"SUCCESS\" > \"${SCRIPT_OUTPUT_FILE_0}\"\n";
			showEnvVarsInLog = 0;
		};
/* End PBXShellScriptBuildPhase section */

/* Begin PBXSourcesBuildPhase section */
		CE7AF35329B21400002107FE /* Sources */ = {
			isa = PBXSourcesBuildPhase;
			buildActionMask = 2147483647;
			files = (
				CE6A51EB29C9FC4900F9969D /* TodayItem.swift in Sources */,
				CE7AF37B29B38298002107FE /* UIView+Layout.swift in Sources */,
				CE8E80E729C2216500274FC1 /* ReviewCell.swift in Sources */,
				CE26A9AB29B7877100EDEE56 /* AppCell.swift in Sources */,
				CE12AFA429C8ECE300AE49A2 /* AppFullScreenHeaderCell.swift in Sources */,
				CE17028229C368D90078B8FE /* UnderlineCell.swift in Sources */,
				CE7AF37D29B38C40002107FE /* VerticalStackView.swift in Sources */,
				CEFF50E729CE151600E33A87 /* Music.swift in Sources */,
				CE17028529C4C00C0078B8FE /* TodayAppController.swift in Sources */,
				CE7AF38029B6362C002107FE /* SearchResult.swift in Sources */,
				CE26A9B029B7B1DE00EDEE56 /* AppRowCell.swift in Sources */,
				CE7AF37829B2634D002107FE /* SearchResultCell.swift in Sources */,
				CE26A9AE29B798B700EDEE56 /* AppsHorizontalController.swift in Sources */,
				CE7AF35F29B21400002107FE /* ViewController.swift in Sources */,
				CE7AF37529B24D03002107FE /* AppSearchController.swift in Sources */,
				CE7AF38329B64044002107FE /* ServiceAPI.swift in Sources */,
				CE7AF35B29B21400002107FE /* AppDelegate.swift in Sources */,
				CE178F1E29BF96E800E265AF /* DetailAppCell.swift in Sources */,
				CE922C5E29B9FEE500D799CA /* AppPageHeaderController.swift in Sources */,
				CE6A51F529CB825A00F9969D /* BackEnabledNavigationController.swift in Sources */,
				CE178F1B29BF802500E265AF /* AppDetailController.swift in Sources */,
				CE922C6029BA075D00D799CA /* AppsHeaderCell.swift in Sources */,
				CE26A9A929B784CA00EDEE56 /* BaseSectionController.swift in Sources */,
				CE922C5C29B9FC8E00D799CA /* AppPageHeaderView.swift in Sources */,
				CE817A3B29C8C49D00DF383D /* AppDescriptionCell.swift in Sources */,
				CEFF50DF29CE058D00E33A87 /* MusicController.swift in Sources */,
				CE7AF37129B21A56002107FE /* MainTabBarController.swift in Sources */,
				CE7AF37329B2440B002107FE /* Icons.swift in Sources */,
				CEFF50E229CE07B500E33A87 /* TrackCell.swift in Sources */,
				CED5C0A129C0F5F8005265F9 /* ScreenshotsAppCell.swift in Sources */,
				CE6A51EF29CA321200F9969D /* BaseTodayCell.swift in Sources */,
				CEFF50E529CE0BE200E33A87 /* MusicControllerFooter.swift in Sources */,
				CE26A9B229B7B27600EDEE56 /* Extensions.swift in Sources */,
				CE7AF35D29B21400002107FE /* SceneDelegate.swift in Sources */,
				CE2F0CCD29C2325000CA32F4 /* Reviews.swift in Sources */,
				CE26A9A729B7820C00EDEE56 /* AppPageController.swift in Sources */,
				CE17028829C4C1E00078B8FE /* TodayCell.swift in Sources */,
				CE6A51F129CB36D800F9969D /* TodayMultipleAppController.swift in Sources */,
				CE178F1929BF617D00E265AF /* HorizontalSnappingController.swift in Sources */,
				CE8E80E329C204D300274FC1 /* ReviewRowCell.swift in Sources */,
				CE922C6429BB844400D799CA /* AppHeaderApps.swift in Sources */,
				CED5C0A329C0FACF005265F9 /* ScreenshotController.swift in Sources */,
				CE8E80E529C2087800274FC1 /* ReviewController.swift in Sources */,
				CE922C6229BA48F000D799CA /* AppResult.swift in Sources */,
				CE6A51ED29CA238B00F9969D /* TodayMultipleAppCell.swift in Sources */,
				CE817A3929C8A26B00DF383D /* AppFullScreenController.swift in Sources */,
			);
			runOnlyForDeploymentPostprocessing = 0;
		};
/* End PBXSourcesBuildPhase section */

/* Begin PBXVariantGroup section */
		CE7AF36029B21400002107FE /* Main.storyboard */ = {
			isa = PBXVariantGroup;
			children = (
				CE7AF36129B21400002107FE /* Base */,
			);
			name = Main.storyboard;
			sourceTree = "<group>";
		};
		CE7AF36529B21408002107FE /* LaunchScreen.storyboard */ = {
			isa = PBXVariantGroup;
			children = (
				CE7AF36629B21408002107FE /* Base */,
			);
			name = LaunchScreen.storyboard;
			sourceTree = "<group>";
		};
/* End PBXVariantGroup section */

/* Begin XCBuildConfiguration section */
		CE7AF36929B21408002107FE /* Debug */ = {
			isa = XCBuildConfiguration;
			buildSettings = {
				ALWAYS_SEARCH_USER_PATHS = NO;
				CLANG_ANALYZER_NONNULL = YES;
				CLANG_ANALYZER_NUMBER_OBJECT_CONVERSION = YES_AGGRESSIVE;
				CLANG_CXX_LANGUAGE_STANDARD = "gnu++20";
				CLANG_ENABLE_MODULES = YES;
				CLANG_ENABLE_OBJC_ARC = YES;
				CLANG_ENABLE_OBJC_WEAK = YES;
				CLANG_WARN_BLOCK_CAPTURE_AUTORELEASING = YES;
				CLANG_WARN_BOOL_CONVERSION = YES;
				CLANG_WARN_COMMA = YES;
				CLANG_WARN_CONSTANT_CONVERSION = YES;
				CLANG_WARN_DEPRECATED_OBJC_IMPLEMENTATIONS = YES;
				CLANG_WARN_DIRECT_OBJC_ISA_USAGE = YES_ERROR;
				CLANG_WARN_DOCUMENTATION_COMMENTS = YES;
				CLANG_WARN_EMPTY_BODY = YES;
				CLANG_WARN_ENUM_CONVERSION = YES;
				CLANG_WARN_INFINITE_RECURSION = YES;
				CLANG_WARN_INT_CONVERSION = YES;
				CLANG_WARN_NON_LITERAL_NULL_CONVERSION = YES;
				CLANG_WARN_OBJC_IMPLICIT_RETAIN_SELF = YES;
				CLANG_WARN_OBJC_LITERAL_CONVERSION = YES;
				CLANG_WARN_OBJC_ROOT_CLASS = YES_ERROR;
				CLANG_WARN_QUOTED_INCLUDE_IN_FRAMEWORK_HEADER = YES;
				CLANG_WARN_RANGE_LOOP_ANALYSIS = YES;
				CLANG_WARN_STRICT_PROTOTYPES = YES;
				CLANG_WARN_SUSPICIOUS_MOVE = YES;
				CLANG_WARN_UNGUARDED_AVAILABILITY = YES_AGGRESSIVE;
				CLANG_WARN_UNREACHABLE_CODE = YES;
				CLANG_WARN__DUPLICATE_METHOD_MATCH = YES;
				COPY_PHASE_STRIP = NO;
				DEBUG_INFORMATION_FORMAT = dwarf;
				ENABLE_STRICT_OBJC_MSGSEND = YES;
				ENABLE_TESTABILITY = YES;
				GCC_C_LANGUAGE_STANDARD = gnu11;
				GCC_DYNAMIC_NO_PIC = NO;
				GCC_NO_COMMON_BLOCKS = YES;
				GCC_OPTIMIZATION_LEVEL = 0;
				GCC_PREPROCESSOR_DEFINITIONS = (
					"DEBUG=1",
					"$(inherited)",
				);
				GCC_WARN_64_TO_32_BIT_CONVERSION = YES;
				GCC_WARN_ABOUT_RETURN_TYPE = YES_ERROR;
				GCC_WARN_UNDECLARED_SELECTOR = YES;
				GCC_WARN_UNINITIALIZED_AUTOS = YES_AGGRESSIVE;
				GCC_WARN_UNUSED_FUNCTION = YES;
				GCC_WARN_UNUSED_VARIABLE = YES;
				IPHONEOS_DEPLOYMENT_TARGET = 16.0;
				MTL_ENABLE_DEBUG_INFO = INCLUDE_SOURCE;
				MTL_FAST_MATH = YES;
				ONLY_ACTIVE_ARCH = YES;
				SDKROOT = iphoneos;
				SWIFT_ACTIVE_COMPILATION_CONDITIONS = DEBUG;
				SWIFT_OPTIMIZATION_LEVEL = "-Onone";
			};
			name = Debug;
		};
		CE7AF36A29B21408002107FE /* Release */ = {
			isa = XCBuildConfiguration;
			buildSettings = {
				ALWAYS_SEARCH_USER_PATHS = NO;
				CLANG_ANALYZER_NONNULL = YES;
				CLANG_ANALYZER_NUMBER_OBJECT_CONVERSION = YES_AGGRESSIVE;
				CLANG_CXX_LANGUAGE_STANDARD = "gnu++20";
				CLANG_ENABLE_MODULES = YES;
				CLANG_ENABLE_OBJC_ARC = YES;
				CLANG_ENABLE_OBJC_WEAK = YES;
				CLANG_WARN_BLOCK_CAPTURE_AUTORELEASING = YES;
				CLANG_WARN_BOOL_CONVERSION = YES;
				CLANG_WARN_COMMA = YES;
				CLANG_WARN_CONSTANT_CONVERSION = YES;
				CLANG_WARN_DEPRECATED_OBJC_IMPLEMENTATIONS = YES;
				CLANG_WARN_DIRECT_OBJC_ISA_USAGE = YES_ERROR;
				CLANG_WARN_DOCUMENTATION_COMMENTS = YES;
				CLANG_WARN_EMPTY_BODY = YES;
				CLANG_WARN_ENUM_CONVERSION = YES;
				CLANG_WARN_INFINITE_RECURSION = YES;
				CLANG_WARN_INT_CONVERSION = YES;
				CLANG_WARN_NON_LITERAL_NULL_CONVERSION = YES;
				CLANG_WARN_OBJC_IMPLICIT_RETAIN_SELF = YES;
				CLANG_WARN_OBJC_LITERAL_CONVERSION = YES;
				CLANG_WARN_OBJC_ROOT_CLASS = YES_ERROR;
				CLANG_WARN_QUOTED_INCLUDE_IN_FRAMEWORK_HEADER = YES;
				CLANG_WARN_RANGE_LOOP_ANALYSIS = YES;
				CLANG_WARN_STRICT_PROTOTYPES = YES;
				CLANG_WARN_SUSPICIOUS_MOVE = YES;
				CLANG_WARN_UNGUARDED_AVAILABILITY = YES_AGGRESSIVE;
				CLANG_WARN_UNREACHABLE_CODE = YES;
				CLANG_WARN__DUPLICATE_METHOD_MATCH = YES;
				COPY_PHASE_STRIP = NO;
				DEBUG_INFORMATION_FORMAT = "dwarf-with-dsym";
				ENABLE_NS_ASSERTIONS = NO;
				ENABLE_STRICT_OBJC_MSGSEND = YES;
				GCC_C_LANGUAGE_STANDARD = gnu11;
				GCC_NO_COMMON_BLOCKS = YES;
				GCC_WARN_64_TO_32_BIT_CONVERSION = YES;
				GCC_WARN_ABOUT_RETURN_TYPE = YES_ERROR;
				GCC_WARN_UNDECLARED_SELECTOR = YES;
				GCC_WARN_UNINITIALIZED_AUTOS = YES_AGGRESSIVE;
				GCC_WARN_UNUSED_FUNCTION = YES;
				GCC_WARN_UNUSED_VARIABLE = YES;
				IPHONEOS_DEPLOYMENT_TARGET = 16.0;
				MTL_ENABLE_DEBUG_INFO = NO;
				MTL_FAST_MATH = YES;
				SDKROOT = iphoneos;
				SWIFT_COMPILATION_MODE = wholemodule;
				SWIFT_OPTIMIZATION_LEVEL = "-O";
				VALIDATE_PRODUCT = YES;
			};
			name = Release;
		};
		CE7AF36C29B21408002107FE /* Debug */ = {
			isa = XCBuildConfiguration;
			baseConfigurationReference = A70FBCB3E5EF4FA3A73F6884 /* Pods-AppStoreJSONApis.debug.xcconfig */;
			buildSettings = {
				ASSETCATALOG_COMPILER_APPICON_NAME = AppIcon;
				ASSETCATALOG_COMPILER_GLOBAL_ACCENT_COLOR_NAME = AccentColor;
				CODE_SIGN_STYLE = Automatic;
				CURRENT_PROJECT_VERSION = 1;
				DEVELOPMENT_TEAM = TWWBX6RB4S;
				GENERATE_INFOPLIST_FILE = YES;
				INFOPLIST_FILE = AppStoreJSONApis/Info.plist;
				INFOPLIST_KEY_UIApplicationSupportsIndirectInputEvents = YES;
				INFOPLIST_KEY_UILaunchStoryboardName = LaunchScreen;
				INFOPLIST_KEY_UIMainStoryboardFile = Main;
				INFOPLIST_KEY_UISupportedInterfaceOrientations = UIInterfaceOrientationPortrait;
				INFOPLIST_KEY_UISupportedInterfaceOrientations_iPad = "UIInterfaceOrientationLandscapeLeft UIInterfaceOrientationLandscapeRight UIInterfaceOrientationPortrait UIInterfaceOrientationPortraitUpsideDown";
				INFOPLIST_KEY_UIUserInterfaceStyle = Light;
				IPHONEOS_DEPLOYMENT_TARGET = 14.0;
				LD_RUNPATH_SEARCH_PATHS = (
					"$(inherited)",
					"@executable_path/Frameworks",
				);
				MARKETING_VERSION = 1.0;
				PRODUCT_BUNDLE_IDENTIFIER = "Mark-Kovalchuk.AppStoreJSONApis";
				PRODUCT_NAME = "$(TARGET_NAME)";
				SUPPORTED_PLATFORMS = "iphoneos iphonesimulator";
				SUPPORTS_MACCATALYST = NO;
				SUPPORTS_MAC_DESIGNED_FOR_IPHONE_IPAD = NO;
				SWIFT_EMIT_LOC_STRINGS = YES;
				SWIFT_VERSION = 5.0;
				TARGETED_DEVICE_FAMILY = 1;
			};
			name = Debug;
		};
		CE7AF36D29B21408002107FE /* Release */ = {
			isa = XCBuildConfiguration;
			baseConfigurationReference = F6FC875F0757232EDC75D54B /* Pods-AppStoreJSONApis.release.xcconfig */;
			buildSettings = {
				ASSETCATALOG_COMPILER_APPICON_NAME = AppIcon;
				ASSETCATALOG_COMPILER_GLOBAL_ACCENT_COLOR_NAME = AccentColor;
				CODE_SIGN_STYLE = Automatic;
				CURRENT_PROJECT_VERSION = 1;
				DEVELOPMENT_TEAM = TWWBX6RB4S;
				GENERATE_INFOPLIST_FILE = YES;
				INFOPLIST_FILE = AppStoreJSONApis/Info.plist;
				INFOPLIST_KEY_UIApplicationSupportsIndirectInputEvents = YES;
				INFOPLIST_KEY_UILaunchStoryboardName = LaunchScreen;
				INFOPLIST_KEY_UIMainStoryboardFile = Main;
				INFOPLIST_KEY_UISupportedInterfaceOrientations = UIInterfaceOrientationPortrait;
				INFOPLIST_KEY_UISupportedInterfaceOrientations_iPad = "UIInterfaceOrientationLandscapeLeft UIInterfaceOrientationLandscapeRight UIInterfaceOrientationPortrait UIInterfaceOrientationPortraitUpsideDown";
				INFOPLIST_KEY_UIUserInterfaceStyle = Light;
				IPHONEOS_DEPLOYMENT_TARGET = 14.0;
				LD_RUNPATH_SEARCH_PATHS = (
					"$(inherited)",
					"@executable_path/Frameworks",
				);
				MARKETING_VERSION = 1.0;
				PRODUCT_BUNDLE_IDENTIFIER = "Mark-Kovalchuk.AppStoreJSONApis";
				PRODUCT_NAME = "$(TARGET_NAME)";
				SUPPORTED_PLATFORMS = "iphoneos iphonesimulator";
				SUPPORTS_MACCATALYST = NO;
				SUPPORTS_MAC_DESIGNED_FOR_IPHONE_IPAD = NO;
				SWIFT_EMIT_LOC_STRINGS = YES;
				SWIFT_VERSION = 5.0;
				TARGETED_DEVICE_FAMILY = 1;
			};
			name = Release;
		};
/* End XCBuildConfiguration section */

/* Begin XCConfigurationList section */
		CE7AF35229B21400002107FE /* Build configuration list for PBXProject "AppStoreJSONApis" */ = {
			isa = XCConfigurationList;
			buildConfigurations = (
				CE7AF36929B21408002107FE /* Debug */,
				CE7AF36A29B21408002107FE /* Release */,
			);
			defaultConfigurationIsVisible = 0;
			defaultConfigurationName = Release;
		};
		CE7AF36B29B21408002107FE /* Build configuration list for PBXNativeTarget "AppStoreJSONApis" */ = {
			isa = XCConfigurationList;
			buildConfigurations = (
				CE7AF36C29B21408002107FE /* Debug */,
				CE7AF36D29B21408002107FE /* Release */,
			);
			defaultConfigurationIsVisible = 0;
			defaultConfigurationName = Release;
		};
/* End XCConfigurationList section */
	};
	rootObject = CE7AF34F29B21400002107FE /* Project object */;
}
